
Microsoft Visual Studio Solution File, Format Version 12.00
# Visual Studio Version 17
VisualStudioVersion = 17.10.34928.147
MinimumVisualStudioVersion = 10.0.40219.1
Project("{FAE04EC0-301F-11D3-BF4B-00C04F79EFBC}") = "WebApplication2", "WebApplication2\WebApplication2.csproj", "{B342CD51-8E32-47B2-8CAE-B6992F2E2C69}"
EndProject
Global
	GlobalSection(SolutionConfigurationPlatforms) = preSolution
		Debug|Any CPU = Debug|Any CPU
		Release|Any CPU = Release|Any CPU
	EndGlobalSection
	GlobalSection(ProjectConfigurationPlatforms) = postSolution
		{B342CD51-8E32-47B2-8CAE-B6992F2E2C69}.Debug|Any CPU.ActiveCfg = Debug|Any CPU
		{B342CD51-8E32-47B2-8CAE-B6992F2E2C69}.Debug|Any CPU.Build.0 = Debug|Any CPU
		{B342CD51-8E32-47B2-8CAE-B6992F2E2C69}.Release|Any CPU.ActiveCfg = Release|Any CPU
		{B342CD51-8E32-47B2-8CAE-B6992F2E2C69}.Release|Any CPU.Build.0 = Release|Any CPU
	EndGlobalSection
	GlobalSection(SolutionProperties) = preSolution
		HideSolutionNode = FALSE
	EndGlobalSection
	GlobalSection(ExtensibilityGlobals) = postSolution
		SolutionGuid = {2E140A36-593B-4C8F-AA83-541C2EA34170}
	EndGlobalSection
EndGlobal
